
Microsoft Visual Studio Solution File, Format Version 12.00
Project("{FAE04EC0-301F-11D3-BF4B-00C04F79EFBC}") = "Migratic", "src\Migratic\Migratic.csproj", "{DDF3D6C6-087F-4492-B0E8-5AF9B8E4236D}"
EndProject
Project("{FAE04EC0-301F-11D3-BF4B-00C04F79EFBC}") = "Migratic.Core", "src\Migratic.Core\Migratic.Core.csproj", "{63D0AC2A-2D75-4B3F-AD0B-B85F52BC497B}"
EndProject
Project("{FAE04EC0-301F-11D3-BF4B-00C04F79EFBC}") = "Migratic.Postgresql", "src\Migratic.Postgresql\Migratic.Postgresql.csproj", "{2566B93A-01C5-41AE-87F8-739EB0922EB4}"
EndProject
Project("{FAE04EC0-301F-11D3-BF4B-00C04F79EFBC}") = "Migratic.Core.Tests.Unit", "tests\Migratic.Core.Tests.Unit\Migratic.Core.Tests.Unit.csproj", "{C0830467-FF23-4779-A15E-14AC3C410559}"
EndProject
Project("{2150E333-8FDC-42A3-9474-1A3956D46DE8}") = "src", "src", "{4A954B85-448B-4222-AE42-DEE1DB0DD4D9}"
EndProject
Project("{2150E333-8FDC-42A3-9474-1A3956D46DE8}") = "tests", "tests", "{D028C74E-EFA2-470A-B25D-DFB200C6273A}"
EndProject
Project("{2150E333-8FDC-42A3-9474-1A3956D46DE8}") = "Utilities", "Utilities", "{5945346B-8486-4DB6-A5D5-D39B16C8EED8}"
EndProject
Project("{FAE04EC0-301F-11D3-BF4B-00C04F79EFBC}") = "Functional.Core", "src\Utilities\Functional\Functional.Core\Functional.Core.csproj", "{79A31CE3-9528-4EDF-A98F-61B98A83ACAA}"
EndProject
Project("{2150E333-8FDC-42A3-9474-1A3956D46DE8}") = "Solution Items", "Solution Items", "{7858109F-9822-4C7E-A384-A2B853E28B81}"
	ProjectSection(SolutionItems) = preProject
		readme.md = readme.md
	EndProjectSection
EndProject
Global
	GlobalSection(SolutionConfigurationPlatforms) = preSolution
		Debug|Any CPU = Debug|Any CPU
		Release|Any CPU = Release|Any CPU
	EndGlobalSection
	GlobalSection(ProjectConfigurationPlatforms) = postSolution
		{DDF3D6C6-087F-4492-B0E8-5AF9B8E4236D}.Debug|Any CPU.ActiveCfg = Debug|Any CPU
		{DDF3D6C6-087F-4492-B0E8-5AF9B8E4236D}.Debug|Any CPU.Build.0 = Debug|Any CPU
		{DDF3D6C6-087F-4492-B0E8-5AF9B8E4236D}.Release|Any CPU.ActiveCfg = Release|Any CPU
		{DDF3D6C6-087F-4492-B0E8-5AF9B8E4236D}.Release|Any CPU.Build.0 = Release|Any CPU
		{63D0AC2A-2D75-4B3F-AD0B-B85F52BC497B}.Debug|Any CPU.ActiveCfg = Debug|Any CPU
		{63D0AC2A-2D75-4B3F-AD0B-B85F52BC497B}.Debug|Any CPU.Build.0 = Debug|Any CPU
		{63D0AC2A-2D75-4B3F-AD0B-B85F52BC497B}.Release|Any CPU.ActiveCfg = Release|Any CPU
		{63D0AC2A-2D75-4B3F-AD0B-B85F52BC497B}.Release|Any CPU.Build.0 = Release|Any CPU
		{2566B93A-01C5-41AE-87F8-739EB0922EB4}.Debug|Any CPU.ActiveCfg = Debug|Any CPU
		{2566B93A-01C5-41AE-87F8-739EB0922EB4}.Debug|Any CPU.Build.0 = Debug|Any CPU
		{2566B93A-01C5-41AE-87F8-739EB0922EB4}.Release|Any CPU.ActiveCfg = Release|Any CPU
		{2566B93A-01C5-41AE-87F8-739EB0922EB4}.Release|Any CPU.Build.0 = Release|Any CPU
		{C0830467-FF23-4779-A15E-14AC3C410559}.Debug|Any CPU.ActiveCfg = Debug|Any CPU
		{C0830467-FF23-4779-A15E-14AC3C410559}.Debug|Any CPU.Build.0 = Debug|Any CPU
		{C0830467-FF23-4779-A15E-14AC3C410559}.Release|Any CPU.ActiveCfg = Release|Any CPU
		{C0830467-FF23-4779-A15E-14AC3C410559}.Release|Any CPU.Build.0 = Release|Any CPU
		{79A31CE3-9528-4EDF-A98F-61B98A83ACAA}.Debug|Any CPU.ActiveCfg = Debug|Any CPU
		{79A31CE3-9528-4EDF-A98F-61B98A83ACAA}.Debug|Any CPU.Build.0 = Debug|Any CPU
		{79A31CE3-9528-4EDF-A98F-61B98A83ACAA}.Release|Any CPU.ActiveCfg = Release|Any CPU
		{79A31CE3-9528-4EDF-A98F-61B98A83ACAA}.Release|Any CPU.Build.0 = Release|Any CPU
	EndGlobalSection
	GlobalSection(NestedProjects) = preSolution
		{DDF3D6C6-087F-4492-B0E8-5AF9B8E4236D} = {4A954B85-448B-4222-AE42-DEE1DB0DD4D9}
		{63D0AC2A-2D75-4B3F-AD0B-B85F52BC497B} = {4A954B85-448B-4222-AE42-DEE1DB0DD4D9}
		{5945346B-8486-4DB6-A5D5-D39B16C8EED8} = {4A954B85-448B-4222-AE42-DEE1DB0DD4D9}
		{79A31CE3-9528-4EDF-A98F-61B98A83ACAA} = {5945346B-8486-4DB6-A5D5-D39B16C8EED8}
		{C0830467-FF23-4779-A15E-14AC3C410559} = {D028C74E-EFA2-470A-B25D-DFB200C6273A}
		{2566B93A-01C5-41AE-87F8-739EB0922EB4} = {4A954B85-448B-4222-AE42-DEE1DB0DD4D9}
	EndGlobalSection
EndGlobal
